# This file is generated by running "yarn install" inside your project.
# Manual changes might be lost - proceed with caution!

__metadata:
  version: 6

"wanted-pre-onboarding-3-FE-quest@workspace:.":
  version: 0.0.0-use.local
  resolution: "wanted-pre-onboarding-3-FE-quest@workspace:."
  languageName: unknown
  linkType: soft
